// !$*UTF8*$!
{
	archiveVersion = 1;
	classes = {
	};
	objectVersion = 56;
	objects = {

/* Begin PBXBuildFile section */
		150C162C2B98467F00CFB4AF /* String+Extension.swift in Sources */ = {isa = PBXBuildFile; fileRef = 150C162B2B98467F00CFB4AF /* String+Extension.swift */; };
		150C162E2B98476400CFB4AF /* Date+Extention.swift in Sources */ = {isa = PBXBuildFile; fileRef = 150C162D2B98476400CFB4AF /* Date+Extention.swift */; };
		15273A742B9706220095AAA6 /* Movies.json in Resources */ = {isa = PBXBuildFile; fileRef = 15273A732B9706220095AAA6 /* Movies.json */; };
		15273A762B97098F0095AAA6 /* UIColor+Extension.swift in Sources */ = {isa = PBXBuildFile; fileRef = 15273A752B97098F0095AAA6 /* UIColor+Extension.swift */; };
		15447F1E2B97FE6A00E5D208 /* RateStarView.swift in Sources */ = {isa = PBXBuildFile; fileRef = 15447F1D2B97FE6A00E5D208 /* RateStarView.swift */; };
		15447F222B98082E00E5D208 /* ImageEndPointType.swift in Sources */ = {isa = PBXBuildFile; fileRef = 15447F212B98082E00E5D208 /* ImageEndPointType.swift */; };
		155908872B8D647500B3DDCE /* AppDelegate.swift in Sources */ = {isa = PBXBuildFile; fileRef = 155908862B8D647500B3DDCE /* AppDelegate.swift */; };
		155908902B8D647800B3DDCE /* Assets.xcassets in Resources */ = {isa = PBXBuildFile; fileRef = 1559088F2B8D647800B3DDCE /* Assets.xcassets */; };
		155908932B8D647800B3DDCE /* LaunchScreen.storyboard in Resources */ = {isa = PBXBuildFile; fileRef = 155908912B8D647800B3DDCE /* LaunchScreen.storyboard */; };
		1559089E2B8D647900B3DDCE /* CinemaAppTests.swift in Sources */ = {isa = PBXBuildFile; fileRef = 1559089D2B8D647900B3DDCE /* CinemaAppTests.swift */; };
		155908A82B8D647900B3DDCE /* CinemaAppUITests.swift in Sources */ = {isa = PBXBuildFile; fileRef = 155908A72B8D647900B3DDCE /* CinemaAppUITests.swift */; };
		155908AA2B8D647900B3DDCE /* CinemaAppUITestsLaunchTests.swift in Sources */ = {isa = PBXBuildFile; fileRef = 155908A92B8D647900B3DDCE /* CinemaAppUITestsLaunchTests.swift */; };
		155908B92B8D658300B3DDCE /* MainViewController.swift in Sources */ = {isa = PBXBuildFile; fileRef = 155908B72B8D658300B3DDCE /* MainViewController.swift */; };
		155908BA2B8D658300B3DDCE /* MainViewController.xib in Resources */ = {isa = PBXBuildFile; fileRef = 155908B82B8D658300B3DDCE /* MainViewController.xib */; };
		15953DB52B95A4F600870659 /* APIManager.swift in Sources */ = {isa = PBXBuildFile; fileRef = 15953DB42B95A4F600870659 /* APIManager.swift */; };
		15953DB72B95A8DF00870659 /* EndPointType.swift in Sources */ = {isa = PBXBuildFile; fileRef = 15953DB62B95A8DF00870659 /* EndPointType.swift */; };
		15953DB92B95A99E00870659 /* HTTPMethods.swift in Sources */ = {isa = PBXBuildFile; fileRef = 15953DB82B95A99E00870659 /* HTTPMethods.swift */; };
		15953DBC2B95AA0600870659 /* MovieEndPointType.swift in Sources */ = {isa = PBXBuildFile; fileRef = 15953DBB2B95AA0600870659 /* MovieEndPointType.swift */; };
		15953DBE2B95AC2100870659 /* Constant.swift in Sources */ = {isa = PBXBuildFile; fileRef = 15953DBD2B95AC2100870659 /* Constant.swift */; };
		15A7F5272B8DB95600CE74A3 /* BaseViewModel.swift in Sources */ = {isa = PBXBuildFile; fileRef = 15A7F5262B8DB95600CE74A3 /* BaseViewModel.swift */; };
		15A7F5292B8DC04800CE74A3 /* MainViewModel.swift in Sources */ = {isa = PBXBuildFile; fileRef = 15A7F5282B8DC04800CE74A3 /* MainViewModel.swift */; };
		15A7F52B2B8DCB3400CE74A3 /* MovieModel.swift in Sources */ = {isa = PBXBuildFile; fileRef = 15A7F52A2B8DCB3400CE74A3 /* MovieModel.swift */; };
		15DE42C82B95EDFD00610CCE /* MovieTableViewCell.swift in Sources */ = {isa = PBXBuildFile; fileRef = 15DE42C62B95EDFD00610CCE /* MovieTableViewCell.swift */; };
		15DE42C92B95EDFD00610CCE /* MovieTableViewCell.xib in Resources */ = {isa = PBXBuildFile; fileRef = 15DE42C72B95EDFD00610CCE /* MovieTableViewCell.xib */; };
		15DE42CB2B95F9A000610CCE /* MovieCellViewModel.swift in Sources */ = {isa = PBXBuildFile; fileRef = 15DE42CA2B95F9A000610CCE /* MovieCellViewModel.swift */; };
		15DE42CD2B960A0000610CCE /* APIError.swift in Sources */ = {isa = PBXBuildFile; fileRef = 15DE42CC2B960A0000610CCE /* APIError.swift */; };
/* End PBXBuildFile section */

/* Begin PBXContainerItemProxy section */
		1559089A2B8D647900B3DDCE /* PBXContainerItemProxy */ = {
			isa = PBXContainerItemProxy;
			containerPortal = 1559087B2B8D647500B3DDCE /* Project object */;
			proxyType = 1;
			remoteGlobalIDString = 155908822B8D647500B3DDCE;
			remoteInfo = CinemaApp;
		};
		155908A42B8D647900B3DDCE /* PBXContainerItemProxy */ = {
			isa = PBXContainerItemProxy;
			containerPortal = 1559087B2B8D647500B3DDCE /* Project object */;
			proxyType = 1;
			remoteGlobalIDString = 155908822B8D647500B3DDCE;
			remoteInfo = CinemaApp;
		};
/* End PBXContainerItemProxy section */

/* Begin PBXFileReference section */
		150C162B2B98467F00CFB4AF /* String+Extension.swift */ = {isa = PBXFileReference; lastKnownFileType = sourcecode.swift; path = "String+Extension.swift"; sourceTree = "<group>"; };
		150C162D2B98476400CFB4AF /* Date+Extention.swift */ = {isa = PBXFileReference; lastKnownFileType = sourcecode.swift; path = "Date+Extention.swift"; sourceTree = "<group>"; };
		15273A732B9706220095AAA6 /* Movies.json */ = {isa = PBXFileReference; lastKnownFileType = text.json; path = Movies.json; sourceTree = "<group>"; };
		15273A752B97098F0095AAA6 /* UIColor+Extension.swift */ = {isa = PBXFileReference; lastKnownFileType = sourcecode.swift; path = "UIColor+Extension.swift"; sourceTree = "<group>"; };
		15447F1D2B97FE6A00E5D208 /* RateStarView.swift */ = {isa = PBXFileReference; lastKnownFileType = sourcecode.swift; path = RateStarView.swift; sourceTree = "<group>"; };
		15447F212B98082E00E5D208 /* ImageEndPointType.swift */ = {isa = PBXFileReference; lastKnownFileType = sourcecode.swift; path = ImageEndPointType.swift; sourceTree = "<group>"; };
		155908832B8D647500B3DDCE /* CinemaApp.app */ = {isa = PBXFileReference; explicitFileType = wrapper.application; includeInIndex = 0; path = CinemaApp.app; sourceTree = BUILT_PRODUCTS_DIR; };
		155908862B8D647500B3DDCE /* AppDelegate.swift */ = {isa = PBXFileReference; lastKnownFileType = sourcecode.swift; path = AppDelegate.swift; sourceTree = "<group>"; };
		1559088F2B8D647800B3DDCE /* Assets.xcassets */ = {isa = PBXFileReference; lastKnownFileType = folder.assetcatalog; path = Assets.xcassets; sourceTree = "<group>"; };
		155908922B8D647800B3DDCE /* Base */ = {isa = PBXFileReference; lastKnownFileType = file.storyboard; name = Base; path = Base.lproj/LaunchScreen.storyboard; sourceTree = "<group>"; };
		155908942B8D647800B3DDCE /* Info.plist */ = {isa = PBXFileReference; lastKnownFileType = text.plist.xml; path = Info.plist; sourceTree = "<group>"; };
		155908992B8D647900B3DDCE /* CinemaAppTests.xctest */ = {isa = PBXFileReference; explicitFileType = wrapper.cfbundle; includeInIndex = 0; path = CinemaAppTests.xctest; sourceTree = BUILT_PRODUCTS_DIR; };
		1559089D2B8D647900B3DDCE /* CinemaAppTests.swift */ = {isa = PBXFileReference; lastKnownFileType = sourcecode.swift; path = CinemaAppTests.swift; sourceTree = "<group>"; };
		155908A32B8D647900B3DDCE /* CinemaAppUITests.xctest */ = {isa = PBXFileReference; explicitFileType = wrapper.cfbundle; includeInIndex = 0; path = CinemaAppUITests.xctest; sourceTree = BUILT_PRODUCTS_DIR; };
		155908A72B8D647900B3DDCE /* CinemaAppUITests.swift */ = {isa = PBXFileReference; lastKnownFileType = sourcecode.swift; path = CinemaAppUITests.swift; sourceTree = "<group>"; };
		155908A92B8D647900B3DDCE /* CinemaAppUITestsLaunchTests.swift */ = {isa = PBXFileReference; lastKnownFileType = sourcecode.swift; path = CinemaAppUITestsLaunchTests.swift; sourceTree = "<group>"; };
		155908B72B8D658300B3DDCE /* MainViewController.swift */ = {isa = PBXFileReference; lastKnownFileType = sourcecode.swift; path = MainViewController.swift; sourceTree = "<group>"; };
		155908B82B8D658300B3DDCE /* MainViewController.xib */ = {isa = PBXFileReference; lastKnownFileType = file.xib; path = MainViewController.xib; sourceTree = "<group>"; };
		15953DB42B95A4F600870659 /* APIManager.swift */ = {isa = PBXFileReference; lastKnownFileType = sourcecode.swift; path = APIManager.swift; sourceTree = "<group>"; };
		15953DB62B95A8DF00870659 /* EndPointType.swift */ = {isa = PBXFileReference; lastKnownFileType = sourcecode.swift; path = EndPointType.swift; sourceTree = "<group>"; };
		15953DB82B95A99E00870659 /* HTTPMethods.swift */ = {isa = PBXFileReference; lastKnownFileType = sourcecode.swift; path = HTTPMethods.swift; sourceTree = "<group>"; };
		15953DBB2B95AA0600870659 /* MovieEndPointType.swift */ = {isa = PBXFileReference; lastKnownFileType = sourcecode.swift; path = MovieEndPointType.swift; sourceTree = "<group>"; };
		15953DBD2B95AC2100870659 /* Constant.swift */ = {isa = PBXFileReference; lastKnownFileType = sourcecode.swift; path = Constant.swift; sourceTree = "<group>"; };
		15A7F5262B8DB95600CE74A3 /* BaseViewModel.swift */ = {isa = PBXFileReference; lastKnownFileType = sourcecode.swift; path = BaseViewModel.swift; sourceTree = "<group>"; };
		15A7F5282B8DC04800CE74A3 /* MainViewModel.swift */ = {isa = PBXFileReference; lastKnownFileType = sourcecode.swift; path = MainViewModel.swift; sourceTree = "<group>"; };
		15A7F52A2B8DCB3400CE74A3 /* MovieModel.swift */ = {isa = PBXFileReference; lastKnownFileType = sourcecode.swift; path = MovieModel.swift; sourceTree = "<group>"; };
		15DE42C62B95EDFD00610CCE /* MovieTableViewCell.swift */ = {isa = PBXFileReference; lastKnownFileType = sourcecode.swift; path = MovieTableViewCell.swift; sourceTree = "<group>"; };
		15DE42C72B95EDFD00610CCE /* MovieTableViewCell.xib */ = {isa = PBXFileReference; lastKnownFileType = file.xib; path = MovieTableViewCell.xib; sourceTree = "<group>"; };
		15DE42CA2B95F9A000610CCE /* MovieCellViewModel.swift */ = {isa = PBXFileReference; lastKnownFileType = sourcecode.swift; path = MovieCellViewModel.swift; sourceTree = "<group>"; };
		15DE42CC2B960A0000610CCE /* APIError.swift */ = {isa = PBXFileReference; lastKnownFileType = sourcecode.swift; path = APIError.swift; sourceTree = "<group>"; };
/* End PBXFileReference section */

/* Begin PBXFrameworksBuildPhase section */
		155908802B8D647500B3DDCE /* Frameworks */ = {
			isa = PBXFrameworksBuildPhase;
			buildActionMask = 2147483647;
			files = (
			);
			runOnlyForDeploymentPostprocessing = 0;
		};
		155908962B8D647900B3DDCE /* Frameworks */ = {
			isa = PBXFrameworksBuildPhase;
			buildActionMask = 2147483647;
			files = (
			);
			runOnlyForDeploymentPostprocessing = 0;
		};
		155908A02B8D647900B3DDCE /* Frameworks */ = {
			isa = PBXFrameworksBuildPhase;
			buildActionMask = 2147483647;
			files = (
			);
			runOnlyForDeploymentPostprocessing = 0;
		};
/* End PBXFrameworksBuildPhase section */

/* Begin PBXGroup section */
		15273A722B9706040095AAA6 /* Json */ = {
			isa = PBXGroup;
			children = (
				15273A732B9706220095AAA6 /* Movies.json */,
			);
			path = Json;
			sourceTree = "<group>";
		};
		15447F1A2B97FBDC00E5D208 /* RatingView */ = {
			isa = PBXGroup;
			children = (
				15447F1D2B97FE6A00E5D208 /* RateStarView.swift */,
			);
			path = RatingView;
			sourceTree = "<group>";
		};
		1559087A2B8D647500B3DDCE = {
			isa = PBXGroup;
			children = (
				155908852B8D647500B3DDCE /* CinemaApp */,
				1559089C2B8D647900B3DDCE /* CinemaAppTests */,
				155908A62B8D647900B3DDCE /* CinemaAppUITests */,
				155908842B8D647500B3DDCE /* Products */,
			);
			sourceTree = "<group>";
		};
		155908842B8D647500B3DDCE /* Products */ = {
			isa = PBXGroup;
			children = (
				155908832B8D647500B3DDCE /* CinemaApp.app */,
				155908992B8D647900B3DDCE /* CinemaAppTests.xctest */,
				155908A32B8D647900B3DDCE /* CinemaAppUITests.xctest */,
			);
			name = Products;
			sourceTree = "<group>";
		};
		155908852B8D647500B3DDCE /* CinemaApp */ = {
			isa = PBXGroup;
			children = (
				15A7F5252B8DB93C00CE74A3 /* Utils */,
				155908BE2B8D664C00B3DDCE /* Resources */,
				155908C22B8D66A400B3DDCE /* Manager */,
				155908C02B8D668E00B3DDCE /* Extensions */,
				155908BF2B8D666500B3DDCE /* Model */,
				155908BD2B8D664700B3DDCE /* View */,
				155908BC2B8D659500B3DDCE /* ViewModel */,
				155908BB2B8D658A00B3DDCE /* ViewControllers */,
				155908862B8D647500B3DDCE /* AppDelegate.swift */,
				155908942B8D647800B3DDCE /* Info.plist */,
			);
			path = CinemaApp;
			sourceTree = "<group>";
		};
		1559089C2B8D647900B3DDCE /* CinemaAppTests */ = {
			isa = PBXGroup;
			children = (
				1559089D2B8D647900B3DDCE /* CinemaAppTests.swift */,
			);
			path = CinemaAppTests;
			sourceTree = "<group>";
		};
		155908A62B8D647900B3DDCE /* CinemaAppUITests */ = {
			isa = PBXGroup;
			children = (
				155908A72B8D647900B3DDCE /* CinemaAppUITests.swift */,
				155908A92B8D647900B3DDCE /* CinemaAppUITestsLaunchTests.swift */,
			);
			path = CinemaAppUITests;
			sourceTree = "<group>";
		};
		155908B62B8D656500B3DDCE /* MainViewController */ = {
			isa = PBXGroup;
			children = (
				155908B72B8D658300B3DDCE /* MainViewController.swift */,
				155908B82B8D658300B3DDCE /* MainViewController.xib */,
			);
			path = MainViewController;
			sourceTree = "<group>";
		};
		155908BB2B8D658A00B3DDCE /* ViewControllers */ = {
			isa = PBXGroup;
			children = (
				155908B62B8D656500B3DDCE /* MainViewController */,
			);
			path = ViewControllers;
			sourceTree = "<group>";
		};
		155908BC2B8D659500B3DDCE /* ViewModel */ = {
			isa = PBXGroup;
			children = (
				15A7F5262B8DB95600CE74A3 /* BaseViewModel.swift */,
				15A7F5282B8DC04800CE74A3 /* MainViewModel.swift */,
				15DE42CA2B95F9A000610CCE /* MovieCellViewModel.swift */,
			);
			path = ViewModel;
			sourceTree = "<group>";
		};
		155908BD2B8D664700B3DDCE /* View */ = {
			isa = PBXGroup;
			children = (
				15447F1A2B97FBDC00E5D208 /* RatingView */,
				15DE42C52B95EDDD00610CCE /* TableViewCell */,
				155908912B8D647800B3DDCE /* LaunchScreen.storyboard */,
			);
			path = View;
			sourceTree = "<group>";
		};
		155908BE2B8D664C00B3DDCE /* Resources */ = {
			isa = PBXGroup;
			children = (
				15273A722B9706040095AAA6 /* Json */,
				1559088F2B8D647800B3DDCE /* Assets.xcassets */,
			);
			path = Resources;
			sourceTree = "<group>";
		};
		155908BF2B8D666500B3DDCE /* Model */ = {
			isa = PBXGroup;
			children = (
				15A7F52A2B8DCB3400CE74A3 /* MovieModel.swift */,
			);
			path = Model;
			sourceTree = "<group>";
		};
		155908C02B8D668E00B3DDCE /* Extensions */ = {
			isa = PBXGroup;
			children = (
				15273A752B97098F0095AAA6 /* UIColor+Extension.swift */,
				150C162B2B98467F00CFB4AF /* String+Extension.swift */,
				150C162D2B98476400CFB4AF /* Date+Extention.swift */,
			);
			path = Extensions;
			sourceTree = "<group>";
		};
		155908C22B8D66A400B3DDCE /* Manager */ = {
			isa = PBXGroup;
			children = (
				15953DB42B95A4F600870659 /* APIManager.swift */,
			);
			path = Manager;
			sourceTree = "<group>";
		};
		15953DBA2B95A9E100870659 /* EndPointTypes */ = {
			isa = PBXGroup;
			children = (
				15953DBB2B95AA0600870659 /* MovieEndPointType.swift */,
				15447F212B98082E00E5D208 /* ImageEndPointType.swift */,
			);
			path = EndPointTypes;
			sourceTree = "<group>";
		};
		15A7F5252B8DB93C00CE74A3 /* Utils */ = {
			isa = PBXGroup;
			children = (
				15953DBA2B95A9E100870659 /* EndPointTypes */,
				15953DB62B95A8DF00870659 /* EndPointType.swift */,
				15953DB82B95A99E00870659 /* HTTPMethods.swift */,
				15953DBD2B95AC2100870659 /* Constant.swift */,
				15DE42CC2B960A0000610CCE /* APIError.swift */,
			);
			path = Utils;
			sourceTree = "<group>";
		};
		15DE42C52B95EDDD00610CCE /* TableViewCell */ = {
			isa = PBXGroup;
			children = (
				15DE42C62B95EDFD00610CCE /* MovieTableViewCell.swift */,
				15DE42C72B95EDFD00610CCE /* MovieTableViewCell.xib */,
			);
			path = TableViewCell;
			sourceTree = "<group>";
		};
/* End PBXGroup section */

/* Begin PBXNativeTarget section */
		155908822B8D647500B3DDCE /* CinemaApp */ = {
			isa = PBXNativeTarget;
			buildConfigurationList = 155908AD2B8D647900B3DDCE /* Build configuration list for PBXNativeTarget "CinemaApp" */;
			buildPhases = (
				1559087F2B8D647500B3DDCE /* Sources */,
				155908802B8D647500B3DDCE /* Frameworks */,
				155908812B8D647500B3DDCE /* Resources */,
			);
			buildRules = (
			);
			dependencies = (
			);
			name = CinemaApp;
			productName = CinemaApp;
			productReference = 155908832B8D647500B3DDCE /* CinemaApp.app */;
			productType = "com.apple.product-type.application";
		};
		155908982B8D647900B3DDCE /* CinemaAppTests */ = {
			isa = PBXNativeTarget;
			buildConfigurationList = 155908B02B8D647900B3DDCE /* Build configuration list for PBXNativeTarget "CinemaAppTests" */;
			buildPhases = (
				155908952B8D647900B3DDCE /* Sources */,
				155908962B8D647900B3DDCE /* Frameworks */,
				155908972B8D647900B3DDCE /* Resources */,
			);
			buildRules = (
			);
			dependencies = (
				1559089B2B8D647900B3DDCE /* PBXTargetDependency */,
			);
			name = CinemaAppTests;
			productName = CinemaAppTests;
			productReference = 155908992B8D647900B3DDCE /* CinemaAppTests.xctest */;
			productType = "com.apple.product-type.bundle.unit-test";
		};
		155908A22B8D647900B3DDCE /* CinemaAppUITests */ = {
			isa = PBXNativeTarget;
			buildConfigurationList = 155908B32B8D647900B3DDCE /* Build configuration list for PBXNativeTarget "CinemaAppUITests" */;
			buildPhases = (
				1559089F2B8D647900B3DDCE /* Sources */,
				155908A02B8D647900B3DDCE /* Frameworks */,
				155908A12B8D647900B3DDCE /* Resources */,
			);
			buildRules = (
			);
			dependencies = (
				155908A52B8D647900B3DDCE /* PBXTargetDependency */,
			);
			name = CinemaAppUITests;
			productName = CinemaAppUITests;
			productReference = 155908A32B8D647900B3DDCE /* CinemaAppUITests.xctest */;
			productType = "com.apple.product-type.bundle.ui-testing";
		};
/* End PBXNativeTarget section */

/* Begin PBXProject section */
		1559087B2B8D647500B3DDCE /* Project object */ = {
			isa = PBXProject;
			attributes = {
				BuildIndependentTargetsInParallel = 1;
				LastSwiftUpdateCheck = 1520;
				LastUpgradeCheck = 1520;
				TargetAttributes = {
					155908822B8D647500B3DDCE = {
						CreatedOnToolsVersion = 15.2;
					};
					155908982B8D647900B3DDCE = {
						CreatedOnToolsVersion = 15.2;
						TestTargetID = 155908822B8D647500B3DDCE;
					};
					155908A22B8D647900B3DDCE = {
						CreatedOnToolsVersion = 15.2;
						TestTargetID = 155908822B8D647500B3DDCE;
					};
				};
			};
			buildConfigurationList = 1559087E2B8D647500B3DDCE /* Build configuration list for PBXProject "CinemaApp" */;
			compatibilityVersion = "Xcode 14.0";
			developmentRegion = en;
			hasScannedForEncodings = 0;
			knownRegions = (
				en,
				Base,
			);
			mainGroup = 1559087A2B8D647500B3DDCE;
			productRefGroup = 155908842B8D647500B3DDCE /* Products */;
			projectDirPath = "";
			projectRoot = "";
			targets = (
				155908822B8D647500B3DDCE /* CinemaApp */,
				155908982B8D647900B3DDCE /* CinemaAppTests */,
				155908A22B8D647900B3DDCE /* CinemaAppUITests */,
			);
		};
/* End PBXProject section */

/* Begin PBXResourcesBuildPhase section */
		155908812B8D647500B3DDCE /* Resources */ = {
			isa = PBXResourcesBuildPhase;
			buildActionMask = 2147483647;
			files = (
				155908932B8D647800B3DDCE /* LaunchScreen.storyboard in Resources */,
				155908BA2B8D658300B3DDCE /* MainViewController.xib in Resources */,
				15273A742B9706220095AAA6 /* Movies.json in Resources */,
				15DE42C92B95EDFD00610CCE /* MovieTableViewCell.xib in Resources */,
				155908902B8D647800B3DDCE /* Assets.xcassets in Resources */,
			);
			runOnlyForDeploymentPostprocessing = 0;
		};
		155908972B8D647900B3DDCE /* Resources */ = {
			isa = PBXResourcesBuildPhase;
			buildActionMask = 2147483647;
			files = (
			);
			runOnlyForDeploymentPostprocessing = 0;
		};
		155908A12B8D647900B3DDCE /* Resources */ = {
			isa = PBXResourcesBuildPhase;
			buildActionMask = 2147483647;
			files = (
			);
			runOnlyForDeploymentPostprocessing = 0;
		};
/* End PBXResourcesBuildPhase section */

/* Begin PBXSourcesBuildPhase section */
		1559087F2B8D647500B3DDCE /* Sources */ = {
			isa = PBXSourcesBuildPhase;
			buildActionMask = 2147483647;
			files = (
				15953DB92B95A99E00870659 /* HTTPMethods.swift in Sources */,
				15953DB52B95A4F600870659 /* APIManager.swift in Sources */,
				155908872B8D647500B3DDCE /* AppDelegate.swift in Sources */,
				155908B92B8D658300B3DDCE /* MainViewController.swift in Sources */,
				15A7F52B2B8DCB3400CE74A3 /* MovieModel.swift in Sources */,
				15A7F5272B8DB95600CE74A3 /* BaseViewModel.swift in Sources */,
				15A7F5292B8DC04800CE74A3 /* MainViewModel.swift in Sources */,
				15273A762B97098F0095AAA6 /* UIColor+Extension.swift in Sources */,
				150C162C2B98467F00CFB4AF /* String+Extension.swift in Sources */,
				15447F222B98082E00E5D208 /* ImageEndPointType.swift in Sources */,
				15953DBE2B95AC2100870659 /* Constant.swift in Sources */,
				15447F1E2B97FE6A00E5D208 /* RateStarView.swift in Sources */,
				15953DB72B95A8DF00870659 /* EndPointType.swift in Sources */,
				15DE42C82B95EDFD00610CCE /* MovieTableViewCell.swift in Sources */,
				15953DBC2B95AA0600870659 /* MovieEndPointType.swift in Sources */,
				15DE42CB2B95F9A000610CCE /* MovieCellViewModel.swift in Sources */,
				150C162E2B98476400CFB4AF /* Date+Extention.swift in Sources */,
				15DE42CD2B960A0000610CCE /* APIError.swift in Sources */,
			);
			runOnlyForDeploymentPostprocessing = 0;
		};
		155908952B8D647900B3DDCE /* Sources */ = {
			isa = PBXSourcesBuildPhase;
			buildActionMask = 2147483647;
			files = (
				1559089E2B8D647900B3DDCE /* CinemaAppTests.swift in Sources */,
			);
			runOnlyForDeploymentPostprocessing = 0;
		};
		1559089F2B8D647900B3DDCE /* Sources */ = {
			isa = PBXSourcesBuildPhase;
			buildActionMask = 2147483647;
			files = (
				155908A82B8D647900B3DDCE /* CinemaAppUITests.swift in Sources */,
				155908AA2B8D647900B3DDCE /* CinemaAppUITestsLaunchTests.swift in Sources */,
			);
			runOnlyForDeploymentPostprocessing = 0;
		};
/* End PBXSourcesBuildPhase section */

/* Begin PBXTargetDependency section */
		1559089B2B8D647900B3DDCE /* PBXTargetDependency */ = {
			isa = PBXTargetDependency;
			target = 155908822B8D647500B3DDCE /* CinemaApp */;
			targetProxy = 1559089A2B8D647900B3DDCE /* PBXContainerItemProxy */;
		};
		155908A52B8D647900B3DDCE /* PBXTargetDependency */ = {
			isa = PBXTargetDependency;
			target = 155908822B8D647500B3DDCE /* CinemaApp */;
			targetProxy = 155908A42B8D647900B3DDCE /* PBXContainerItemProxy */;
		};
/* End PBXTargetDependency section */

/* Begin PBXVariantGroup section */
		155908912B8D647800B3DDCE /* LaunchScreen.storyboard */ = {
			isa = PBXVariantGroup;
			children = (
				155908922B8D647800B3DDCE /* Base */,
			);
			name = LaunchScreen.storyboard;
			sourceTree = "<group>";
		};
/* End PBXVariantGroup section */

/* Begin XCBuildConfiguration section */
		155908AB2B8D647900B3DDCE /* Debug */ = {
			isa = XCBuildConfiguration;
			buildSettings = {
				ALWAYS_SEARCH_USER_PATHS = NO;
				ASSETCATALOG_COMPILER_GENERATE_SWIFT_ASSET_SYMBOL_EXTENSIONS = YES;
				CLANG_ANALYZER_NONNULL = YES;
				CLANG_ANALYZER_NUMBER_OBJECT_CONVERSION = YES_AGGRESSIVE;
				CLANG_CXX_LANGUAGE_STANDARD = "gnu++20";
				CLANG_ENABLE_MODULES = YES;
				CLANG_ENABLE_OBJC_ARC = YES;
				CLANG_ENABLE_OBJC_WEAK = YES;
				CLANG_WARN_BLOCK_CAPTURE_AUTORELEASING = YES;
				CLANG_WARN_BOOL_CONVERSION = YES;
				CLANG_WARN_COMMA = YES;
				CLANG_WARN_CONSTANT_CONVERSION = YES;
				CLANG_WARN_DEPRECATED_OBJC_IMPLEMENTATIONS = YES;
				CLANG_WARN_DIRECT_OBJC_ISA_USAGE = YES_ERROR;
				CLANG_WARN_DOCUMENTATION_COMMENTS = YES;
				CLANG_WARN_EMPTY_BODY = YES;
				CLANG_WARN_ENUM_CONVERSION = YES;
				CLANG_WARN_INFINITE_RECURSION = YES;
				CLANG_WARN_INT_CONVERSION = YES;
				CLANG_WARN_NON_LITERAL_NULL_CONVERSION = YES;
				CLANG_WARN_OBJC_IMPLICIT_RETAIN_SELF = YES;
				CLANG_WARN_OBJC_LITERAL_CONVERSION = YES;
				CLANG_WARN_OBJC_ROOT_CLASS = YES_ERROR;
				CLANG_WARN_QUOTED_INCLUDE_IN_FRAMEWORK_HEADER = YES;
				CLANG_WARN_RANGE_LOOP_ANALYSIS = YES;
				CLANG_WARN_STRICT_PROTOTYPES = YES;
				CLANG_WARN_SUSPICIOUS_MOVE = YES;
				CLANG_WARN_UNGUARDED_AVAILABILITY = YES_AGGRESSIVE;
				CLANG_WARN_UNREACHABLE_CODE = YES;
				CLANG_WARN__DUPLICATE_METHOD_MATCH = YES;
				COPY_PHASE_STRIP = NO;
				DEBUG_INFORMATION_FORMAT = dwarf;
				ENABLE_STRICT_OBJC_MSGSEND = YES;
				ENABLE_TESTABILITY = YES;
				ENABLE_USER_SCRIPT_SANDBOXING = YES;
				GCC_C_LANGUAGE_STANDARD = gnu17;
				GCC_DYNAMIC_NO_PIC = NO;
				GCC_NO_COMMON_BLOCKS = YES;
				GCC_OPTIMIZATION_LEVEL = 0;
				GCC_PREPROCESSOR_DEFINITIONS = (
					"DEBUG=1",
					"$(inherited)",
				);
				GCC_WARN_64_TO_32_BIT_CONVERSION = YES;
				GCC_WARN_ABOUT_RETURN_TYPE = YES_ERROR;
				GCC_WARN_UNDECLARED_SELECTOR = YES;
				GCC_WARN_UNINITIALIZED_AUTOS = YES_AGGRESSIVE;
				GCC_WARN_UNUSED_FUNCTION = YES;
				GCC_WARN_UNUSED_VARIABLE = YES;
				IPHONEOS_DEPLOYMENT_TARGET = 17.2;
				LOCALIZATION_PREFERS_STRING_CATALOGS = YES;
				MTL_ENABLE_DEBUG_INFO = INCLUDE_SOURCE;
				MTL_FAST_MATH = YES;
				ONLY_ACTIVE_ARCH = YES;
				SDKROOT = iphoneos;
				SWIFT_ACTIVE_COMPILATION_CONDITIONS = "DEBUG $(inherited)";
				SWIFT_OPTIMIZATION_LEVEL = "-Onone";
			};
			name = Debug;
		};
		155908AC2B8D647900B3DDCE /* Release */ = {
			isa = XCBuildConfiguration;
			buildSettings = {
				ALWAYS_SEARCH_USER_PATHS = NO;
				ASSETCATALOG_COMPILER_GENERATE_SWIFT_ASSET_SYMBOL_EXTENSIONS = YES;
				CLANG_ANALYZER_NONNULL = YES;
				CLANG_ANALYZER_NUMBER_OBJECT_CONVERSION = YES_AGGRESSIVE;
				CLANG_CXX_LANGUAGE_STANDARD = "gnu++20";
				CLANG_ENABLE_MODULES = YES;
				CLANG_ENABLE_OBJC_ARC = YES;
				CLANG_ENABLE_OBJC_WEAK = YES;
				CLANG_WARN_BLOCK_CAPTURE_AUTORELEASING = YES;
				CLANG_WARN_BOOL_CONVERSION = YES;
				CLANG_WARN_COMMA = YES;
				CLANG_WARN_CONSTANT_CONVERSION = YES;
				CLANG_WARN_DEPRECATED_OBJC_IMPLEMENTATIONS = YES;
				CLANG_WARN_DIRECT_OBJC_ISA_USAGE = YES_ERROR;
				CLANG_WARN_DOCUMENTATION_COMMENTS = YES;
				CLANG_WARN_EMPTY_BODY = YES;
				CLANG_WARN_ENUM_CONVERSION = YES;
				CLANG_WARN_INFINITE_RECURSION = YES;
				CLANG_WARN_INT_CONVERSION = YES;
				CLANG_WARN_NON_LITERAL_NULL_CONVERSION = YES;
				CLANG_WARN_OBJC_IMPLICIT_RETAIN_SELF = YES;
				CLANG_WARN_OBJC_LITERAL_CONVERSION = YES;
				CLANG_WARN_OBJC_ROOT_CLASS = YES_ERROR;
				CLANG_WARN_QUOTED_INCLUDE_IN_FRAMEWORK_HEADER = YES;
				CLANG_WARN_RANGE_LOOP_ANALYSIS = YES;
				CLANG_WARN_STRICT_PROTOTYPES = YES;
				CLANG_WARN_SUSPICIOUS_MOVE = YES;
				CLANG_WARN_UNGUARDED_AVAILABILITY = YES_AGGRESSIVE;
				CLANG_WARN_UNREACHABLE_CODE = YES;
				CLANG_WARN__DUPLICATE_METHOD_MATCH = YES;
				COPY_PHASE_STRIP = NO;
				DEBUG_INFORMATION_FORMAT = "dwarf-with-dsym";
				ENABLE_NS_ASSERTIONS = NO;
				ENABLE_STRICT_OBJC_MSGSEND = YES;
				ENABLE_USER_SCRIPT_SANDBOXING = YES;
				GCC_C_LANGUAGE_STANDARD = gnu17;
				GCC_NO_COMMON_BLOCKS = YES;
				GCC_WARN_64_TO_32_BIT_CONVERSION = YES;
				GCC_WARN_ABOUT_RETURN_TYPE = YES_ERROR;
				GCC_WARN_UNDECLARED_SELECTOR = YES;
				GCC_WARN_UNINITIALIZED_AUTOS = YES_AGGRESSIVE;
				GCC_WARN_UNUSED_FUNCTION = YES;
				GCC_WARN_UNUSED_VARIABLE = YES;
				IPHONEOS_DEPLOYMENT_TARGET = 17.2;
				LOCALIZATION_PREFERS_STRING_CATALOGS = YES;
				MTL_ENABLE_DEBUG_INFO = NO;
				MTL_FAST_MATH = YES;
				SDKROOT = iphoneos;
				SWIFT_COMPILATION_MODE = wholemodule;
				VALIDATE_PRODUCT = YES;
			};
			name = Release;
		};
		155908AE2B8D647900B3DDCE /* Debug */ = {
			isa = XCBuildConfiguration;
			buildSettings = {
				ASSETCATALOG_COMPILER_APPICON_NAME = AppIcon;
				ASSETCATALOG_COMPILER_GLOBAL_ACCENT_COLOR_NAME = AccentColor;
				CODE_SIGN_STYLE = Automatic;
				CURRENT_PROJECT_VERSION = 1;
				DEVELOPMENT_TEAM = BZ42Z22U3Y;
				GENERATE_INFOPLIST_FILE = YES;
				INFOPLIST_FILE = CinemaApp/Info.plist;
				INFOPLIST_KEY_UIApplicationSupportsIndirectInputEvents = YES;
				INFOPLIST_KEY_UILaunchStoryboardName = LaunchScreen.storyboard;
				INFOPLIST_KEY_UIMainStoryboardFile = "";
				INFOPLIST_KEY_UISupportedInterfaceOrientations_iPad = "UIInterfaceOrientationPortrait UIInterfaceOrientationPortraitUpsideDown UIInterfaceOrientationLandscapeLeft UIInterfaceOrientationLandscapeRight";
				INFOPLIST_KEY_UISupportedInterfaceOrientations_iPhone = "UIInterfaceOrientationPortrait UIInterfaceOrientationLandscapeLeft UIInterfaceOrientationLandscapeRight";
				LD_RUNPATH_SEARCH_PATHS = (
					"$(inherited)",
					"@executable_path/Frameworks",
				);
				MARKETING_VERSION = 1.0;
				PRODUCT_BUNDLE_IDENTIFIER = com.david.team.CinemaApp;
				PRODUCT_NAME = "$(TARGET_NAME)";
				SUPPORTED_PLATFORMS = "iphoneos iphonesimulator";
				SUPPORTS_MACCATALYST = NO;
				SUPPORTS_XR_DESIGNED_FOR_IPHONE_IPAD = NO;
				SWIFT_EMIT_LOC_STRINGS = YES;
				SWIFT_VERSION = 5.0;
				TARGETED_DEVICE_FAMILY = "1,2";
			};
			name = Debug;
		};
		155908AF2B8D647900B3DDCE /* Release */ = {
			isa = XCBuildConfiguration;
			buildSettings = {
				ASSETCATALOG_COMPILER_APPICON_NAME = AppIcon;
				ASSETCATALOG_COMPILER_GLOBAL_ACCENT_COLOR_NAME = AccentColor;
				CODE_SIGN_STYLE = Automatic;
				CURRENT_PROJECT_VERSION = 1;
				DEVELOPMENT_TEAM = BZ42Z22U3Y;
				GENERATE_INFOPLIST_FILE = YES;
				INFOPLIST_FILE = CinemaApp/Info.plist;
				INFOPLIST_KEY_UIApplicationSupportsIndirectInputEvents = YES;
				INFOPLIST_KEY_UILaunchStoryboardName = LaunchScreen.storyboard;
				INFOPLIST_KEY_UIMainStoryboardFile = "";
				INFOPLIST_KEY_UISupportedInterfaceOrientations_iPad = "UIInterfaceOrientationPortrait UIInterfaceOrientationPortraitUpsideDown UIInterfaceOrientationLandscapeLeft UIInterfaceOrientationLandscapeRight";
				INFOPLIST_KEY_UISupportedInterfaceOrientations_iPhone = "UIInterfaceOrientationPortrait UIInterfaceOrientationLandscapeLeft UIInterfaceOrientationLandscapeRight";
				LD_RUNPATH_SEARCH_PATHS = (
					"$(inherited)",
					"@executable_path/Frameworks",
				);
				MARKETING_VERSION = 1.0;
				PRODUCT_BUNDLE_IDENTIFIER = com.david.team.CinemaApp;
				PRODUCT_NAME = "$(TARGET_NAME)";
				SUPPORTED_PLATFORMS = "iphoneos iphonesimulator";
				SUPPORTS_MACCATALYST = NO;
				SUPPORTS_XR_DESIGNED_FOR_IPHONE_IPAD = NO;
				SWIFT_EMIT_LOC_STRINGS = YES;
				SWIFT_VERSION = 5.0;
				TARGETED_DEVICE_FAMILY = "1,2";
			};
			name = Release;
		};
		155908B12B8D647900B3DDCE /* Debug */ = {
			isa = XCBuildConfiguration;
			buildSettings = {
				ALWAYS_EMBED_SWIFT_STANDARD_LIBRARIES = YES;
				BUNDLE_LOADER = "$(TEST_HOST)";
				CODE_SIGN_STYLE = Automatic;
				CURRENT_PROJECT_VERSION = 1;
				DEVELOPMENT_TEAM = BZ42Z22U3Y;
				GENERATE_INFOPLIST_FILE = YES;
				IPHONEOS_DEPLOYMENT_TARGET = 17.2;
				MARKETING_VERSION = 1.0;
				PRODUCT_BUNDLE_IDENTIFIER = com.david.team.CinemaAppTests;
				PRODUCT_NAME = "$(TARGET_NAME)";
				SWIFT_EMIT_LOC_STRINGS = NO;
				SWIFT_VERSION = 5.0;
				TARGETED_DEVICE_FAMILY = "1,2";
				TEST_HOST = "$(BUILT_PRODUCTS_DIR)/CinemaApp.app/$(BUNDLE_EXECUTABLE_FOLDER_PATH)/CinemaApp";
			};
			name = Debug;
		};
		155908B22B8D647900B3DDCE /* Release */ = {
			isa = XCBuildConfiguration;
			buildSettings = {
				ALWAYS_EMBED_SWIFT_STANDARD_LIBRARIES = YES;
				BUNDLE_LOADER = "$(TEST_HOST)";
				CODE_SIGN_STYLE = Automatic;
				CURRENT_PROJECT_VERSION = 1;
				DEVELOPMENT_TEAM = BZ42Z22U3Y;
				GENERATE_INFOPLIST_FILE = YES;
				IPHONEOS_DEPLOYMENT_TARGET = 17.2;
				MARKETING_VERSION = 1.0;
				PRODUCT_BUNDLE_IDENTIFIER = com.david.team.CinemaAppTests;
				PRODUCT_NAME = "$(TARGET_NAME)";
				SWIFT_EMIT_LOC_STRINGS = NO;
				SWIFT_VERSION = 5.0;
				TARGETED_DEVICE_FAMILY = "1,2";
				TEST_HOST = "$(BUILT_PRODUCTS_DIR)/CinemaApp.app/$(BUNDLE_EXECUTABLE_FOLDER_PATH)/CinemaApp";
			};
			name = Release;
		};
		155908B42B8D647900B3DDCE /* Debug */ = {
			isa = XCBuildConfiguration;
			buildSettings = {
				ALWAYS_EMBED_SWIFT_STANDARD_LIBRARIES = YES;
				CODE_SIGN_STYLE = Automatic;
				CURRENT_PROJECT_VERSION = 1;
				DEVELOPMENT_TEAM = BZ42Z22U3Y;
				GENERATE_INFOPLIST_FILE = YES;
				MARKETING_VERSION = 1.0;
				PRODUCT_BUNDLE_IDENTIFIER = com.david.team.CinemaAppUITests;
				PRODUCT_NAME = "$(TARGET_NAME)";
				SWIFT_EMIT_LOC_STRINGS = NO;
				SWIFT_VERSION = 5.0;
				TARGETED_DEVICE_FAMILY = "1,2";
				TEST_TARGET_NAME = CinemaApp;
			};
			name = Debug;
		};
		155908B52B8D647900B3DDCE /* Release */ = {
			isa = XCBuildConfiguration;
			buildSettings = {
				ALWAYS_EMBED_SWIFT_STANDARD_LIBRARIES = YES;
				CODE_SIGN_STYLE = Automatic;
				CURRENT_PROJECT_VERSION = 1;
				DEVELOPMENT_TEAM = BZ42Z22U3Y;
				GENERATE_INFOPLIST_FILE = YES;
				MARKETING_VERSION = 1.0;
				PRODUCT_BUNDLE_IDENTIFIER = com.david.team.CinemaAppUITests;
				PRODUCT_NAME = "$(TARGET_NAME)";
				SWIFT_EMIT_LOC_STRINGS = NO;
				SWIFT_VERSION = 5.0;
				TARGETED_DEVICE_FAMILY = "1,2";
				TEST_TARGET_NAME = CinemaApp;
			};
			name = Release;
		};
/* End XCBuildConfiguration section */

/* Begin XCConfigurationList section */
		1559087E2B8D647500B3DDCE /* Build configuration list for PBXProject "CinemaApp" */ = {
			isa = XCConfigurationList;
			buildConfigurations = (
				155908AB2B8D647900B3DDCE /* Debug */,
				155908AC2B8D647900B3DDCE /* Release */,
			);
			defaultConfigurationIsVisible = 0;
			defaultConfigurationName = Release;
		};
		155908AD2B8D647900B3DDCE /* Build configuration list for PBXNativeTarget "CinemaApp" */ = {
			isa = XCConfigurationList;
			buildConfigurations = (
				155908AE2B8D647900B3DDCE /* Debug */,
				155908AF2B8D647900B3DDCE /* Release */,
			);
			defaultConfigurationIsVisible = 0;
			defaultConfigurationName = Release;
		};
		155908B02B8D647900B3DDCE /* Build configuration list for PBXNativeTarget "CinemaAppTests" */ = {
			isa = XCConfigurationList;
			buildConfigurations = (
				155908B12B8D647900B3DDCE /* Debug */,
				155908B22B8D647900B3DDCE /* Release */,
			);
			defaultConfigurationIsVisible = 0;
			defaultConfigurationName = Release;
		};
		155908B32B8D647900B3DDCE /* Build configuration list for PBXNativeTarget "CinemaAppUITests" */ = {
			isa = XCConfigurationList;
			buildConfigurations = (
				155908B42B8D647900B3DDCE /* Debug */,
				155908B52B8D647900B3DDCE /* Release */,
			);
			defaultConfigurationIsVisible = 0;
			defaultConfigurationName = Release;
		};
/* End XCConfigurationList section */
	};
	rootObject = 1559087B2B8D647500B3DDCE /* Project object */;
}
